{
  "name": "default_project",
  "lockfileVersion": 3,
  "requires": true,
  "packages": {
    "": {
      "dependencies": {
        "@extractus/feed-extractor": "^7.0.1",
        "sentiment": "^5.0.2"
      }
    },
    "node_modules/@extractus/feed-extractor": {
      "version": "7.0.1",
      "resolved": "https://registry.npmjs.org/@extractus/feed-extractor/-/feed-extractor-7.0.1.tgz",
      "integrity": "sha512-C0PTQOH7/Qcipp1Tov19jRPwMw+fLuxIHSfQqSs/Nl7rdsX98YIvOs/unJYq7LqfUGpN2CHKwKkcnhOOai8bCw==",
      "dependencies": {
        "bellajs": "^11.1.2",
        "cross-fetch": "^4.0.0",
        "fast-xml-parser": "^4.2.6",
        "html-entities": "^2.4.0"
      },
      "engines": {
        "node": ">= 15"
      }
    },
    "node_modules/bellajs": {
      "version": "11.1.2",
      "resolved": "https://registry.npmjs.org/bellajs/-/bellajs-11.1.2.tgz",
      "integrity": "sha512-2Fy3Km5JKyIy/KunW3oica2gZtkjD2qSqti2Q3xPhHvXXdMbc+32pEMOPG+xrSat0BXVhRjHIx++lzxIPK0GqQ==",
      "engines": {
        "node": ">= 14"
      }
    },
    "node_modules/cross-fetch": {
      "version": "4.0.0",
      "resolved": "https://registry.npmjs.org/cross-fetch/-/cross-fetch-4.0.0.tgz",
      "integrity": "sha512-e4a5N8lVvuLgAWgnCrLr2PP0YyDOTHa9H/Rj54dirp61qXnNq46m82bRhNqIA5VccJtWBvPTFRV3TtvHUKPB1g==",
      "dependencies": {
        "node-fetch": "^2.6.12"
      }
    },
    "node_modules/fast-xml-parser": {
      "version": "4.2.6",
      "resolved": "https://registry.npmjs.org/fast-xml-parser/-/fast-xml-parser-4.2.6.tgz",
      "integrity": "sha512-Xo1qV++h/Y3Ng8dphjahnYe+rGHaaNdsYOBWL9Y9GCPKpNKilJtilvWkLcI9f9X2DoKTLsZsGYAls5+JL5jfLA==",
      "funding": [
        {
          "type": "paypal",
          "url": "https://paypal.me/naturalintelligence"
        },
        {
          "type": "github",
          "url": "https://github.com/sponsors/NaturalIntelligence"
        }
      ],
      "dependencies": {
        "strnum": "^1.0.5"
      },
      "bin": {
        "fxparser": "src/cli/cli.js"
      }
    },
    "node_modules/html-entities": {
      "version": "2.4.0",
      "resolved": "https://registry.npmjs.org/html-entities/-/html-entities-2.4.0.tgz",
      "integrity": "sha512-igBTJcNNNhvZFRtm8uA6xMY6xYleeDwn3PeBCkDz7tHttv4F2hsDI2aPgNERWzvRcNYHNT3ymRaQzllmXj4YsQ==",
      "funding": [
        {
          "type": "github",
          "url": "https://github.com/sponsors/mdevils"
        },
        {
          "type": "patreon",
          "url": "https://patreon.com/mdevils"
        }
      ]
    },
    "node_modules/node-fetch": {
      "version": "2.6.12",
      "resolved": "https://registry.npmjs.org/node-fetch/-/node-fetch-2.6.12.tgz",
      "integrity": "sha512-C/fGU2E8ToujUivIO0H+tpQ6HWo4eEmchoPIoXtxCrVghxdKq+QOHqEZW7tuP3KlV3bC8FRMO5nMCC7Zm1VP6g==",
      "dependencies": {
        "whatwg-url": "^5.0.0"
      },
      "engines": {
        "node": "4.x || >=6.0.0"
      },
      "peerDependencies": {
        "encoding": "^0.1.0"
      },
      "peerDependenciesMeta": {
        "encoding": {
          "optional": true
        }
      }
    },
    "node_modules/sentiment": {
      "version": "5.0.2",
      "resolved": "https://registry.npmjs.org/sentiment/-/sentiment-5.0.2.tgz",
      "integrity": "sha512-ZeC3y0JsOYTdwujt5uOd7ILJNilbgFzUtg/LEG4wUv43LayFNLZ28ec8+Su+h3saHlJmIwYxBzfDHHZuiMA15g==",
      "engines": {
        "node": ">=8.0"
      }
    },
    "node_modules/strnum": {
      "version": "1.0.5",
      "resolved": "https://registry.npmjs.org/strnum/-/strnum-1.0.5.tgz",
      "integrity": "sha512-J8bbNyKKXl5qYcR36TIO8W3mVGVHrmmxsd5PAItGkmyzwJvybiw2IVq5nqd0i4LSNSkB/sx9VHllbfFdr9k1JA=="
    },
    "node_modules/tr46": {
      "version": "0.0.3",
      "resolved": "https://registry.npmjs.org/tr46/-/tr46-0.0.3.tgz",
      "integrity": "sha512-N3WMsuqV66lT30CrXNbEjx4GEwlow3v6rr4mCcv6prnfwhS01rkgyFdjPNBYd9br7LpXV1+Emh01fHnq2Gdgrw=="
    },
    "node_modules/webidl-conversions": {
      "version": "3.0.1",
      "resolved": "https://registry.npmjs.org/webidl-conversions/-/webidl-conversions-3.0.1.tgz",
      "integrity": "sha512-2JAn3z8AR6rjK8Sm8orRC0h/bcl/DqL7tRPdGZ4I1CjdF+EaMLmYxBHyXuKL849eucPFhvBoxMsflfOb8kxaeQ=="
    },
    "node_modules/whatwg-url": {
      "version": "5.0.0",
      "resolved": "https://registry.npmjs.org/whatwg-url/-/whatwg-url-5.0.0.tgz",
      "integrity": "sha512-saE57nupxk6v3HY35+jzBwYa0rKSy0XR8JSxZPwgLr7ys0IBzhGviA1/TUGJLmSVqs8pb9AnvICXEuOHLprYTw==",
      "dependencies": {
        "tr46": "~0.0.3",
        "webidl-conversions": "^3.0.0"
      }
    }
  }
}
